{
  "name": "isi_back",
  "version": "1.0.0",
  "lockfileVersion": 1,
  "requires": true,
  "dependencies": {
    "express-sanitizer": {
      "version": "1.0.5",
      "resolved": "https://registry.npmjs.org/express-sanitizer/-/express-sanitizer-1.0.5.tgz",
      "integrity": "sha512-48/Tf1DZ7JklRVTcXQLHAxhq4GNJTuHq2jjIYhyTmu0Bw+X06YPDD/e/tdn1QLYk706xw4N8JFxtjslRrDGb8g==",
      "requires": {
        "sanitizer": "0.1.3",
        "underscore": "1.8.3"
      }
    },
    "express-validator": {
      "version": "6.10.0",
      "resolved": "https://registry.npmjs.org/express-validator/-/express-validator-6.10.0.tgz",
      "integrity": "sha512-gDtepU94EpUzgFvKO/8JzjZ4uqIF4xHekjYtcNgFDiBK6Hob3MQhPU8s/c3NaWd1xi5e5nA0oVmOJ0b0ZBO36Q==",
      "requires": {
        "lodash": "^4.17.20",
        "validator": "^13.5.2"
      }
    },
    "lodash": {
      "version": "4.17.21",
      "resolved": "https://registry.npmjs.org/lodash/-/lodash-4.17.21.tgz",
      "integrity": "sha512-v2kDEe57lecTulaDIuNTPy3Ry4gLGJ6Z1O3vE1krgXZNrsQ+LFTGHVxVjcXPs17LhbZVGedAJv8XZ1tvj5FvSg=="
    },
    "sanitizer": {
      "version": "0.1.3",
      "resolved": "https://registry.npmjs.org/sanitizer/-/sanitizer-0.1.3.tgz",
      "integrity": "sha1-1PCvdHXZp7ryqeWmEXGLqheKOeE="
    },
    "underscore": {
      "version": "1.8.3",
      "resolved": "https://registry.npmjs.org/underscore/-/underscore-1.8.3.tgz",
      "integrity": "sha1-Tz+1OxBuYJf8+ctBCfKl6b36UCI="
    },
    "validator": {
      "version": "13.5.2",
      "resolved": "https://registry.npmjs.org/validator/-/validator-13.5.2.tgz",
      "integrity": "sha512-mD45p0rvHVBlY2Zuy3F3ESIe1h5X58GPfAtslBjY7EtTqGquZTj+VX/J4RnHWN8FKq0C9WRVt1oWAcytWRuYLQ=="
    }
  }
}
